
Microsoft Visual Studio Solution File, Format Version 12.00
# Visual Studio Version 17
VisualStudioVersion = 17.9.34902.65
MinimumVisualStudioVersion = 10.0.40219.1
Project("{9A19103F-16F7-4668-BE54-9A1E7A4F7556}") = "Diana_Litvinova_IPZ_4_0_1", "Diana_Litvinova_IPZ_4_0_1.csproj", "{4F14AECC-A641-4C63-9810-939781F73FAB}"
EndProject
Global
	GlobalSection(SolutionConfigurationPlatforms) = preSolution
		Debug|Any CPU = Debug|Any CPU
		Release|Any CPU = Release|Any CPU
	EndGlobalSection
	GlobalSection(ProjectConfigurationPlatforms) = postSolution
		{4F14AECC-A641-4C63-9810-939781F73FAB}.Debug|Any CPU.ActiveCfg = Debug|Any CPU
		{4F14AECC-A641-4C63-9810-939781F73FAB}.Debug|Any CPU.Build.0 = Debug|Any CPU
		{4F14AECC-A641-4C63-9810-939781F73FAB}.Release|Any CPU.ActiveCfg = Release|Any CPU
		{4F14AECC-A641-4C63-9810-939781F73FAB}.Release|Any CPU.Build.0 = Release|Any CPU
	EndGlobalSection
	GlobalSection(SolutionProperties) = preSolution
		HideSolutionNode = FALSE
	EndGlobalSection
	GlobalSection(ExtensibilityGlobals) = postSolution
		SolutionGuid = {33354543-097F-49C1-A346-CE2266E587E0}
	EndGlobalSection
EndGlobal
